# THIS IS AN AUTOGENERATED FILE. DO NOT EDIT THIS FILE DIRECTLY.
# yarn lockfile v1


create-expo-app@^2.1.1:
  version "2.1.1"
  resolved "https://registry.yarnpkg.com/create-expo-app/-/create-expo-app-2.1.1.tgz#4431a54e7ace675cdec7f83ab7ffacea47e29bb9"
  integrity sha512-496ni62oVlqfmo5xagoLvt689uPLgHGxHh18a8A9pnbLw6gUemp2z/07LkJt5Mv1lT9BDsbMoVqf0wjdqoRIEw==
